
Microsoft Visual Studio Solution File, Format Version 12.00
# Visual Studio Version 17
VisualStudioVersion = 17.9.34607.119
MinimumVisualStudioVersion = 10.0.40219.1
Project("{FAE04EC0-301F-11D3-BF4B-00C04F79EFBC}") = "SelfPacedLearning", "SelfPacedLearning\SelfPacedLearning.csproj", "{E7E79578-8796-45DF-BA61-B2CADB90F785}"
EndProject
Global
	GlobalSection(SolutionConfigurationPlatforms) = preSolution
		Debug|Any CPU = Debug|Any CPU
		Release|Any CPU = Release|Any CPU
	EndGlobalSection
	GlobalSection(ProjectConfigurationPlatforms) = postSolution
		{E7E79578-8796-45DF-BA61-B2CADB90F785}.Debug|Any CPU.ActiveCfg = Debug|Any CPU
		{E7E79578-8796-45DF-BA61-B2CADB90F785}.Debug|Any CPU.Build.0 = Debug|Any CPU
		{E7E79578-8796-45DF-BA61-B2CADB90F785}.Release|Any CPU.ActiveCfg = Release|Any CPU
		{E7E79578-8796-45DF-BA61-B2CADB90F785}.Release|Any CPU.Build.0 = Release|Any CPU
	EndGlobalSection
	GlobalSection(SolutionProperties) = preSolution
		HideSolutionNode = FALSE
	EndGlobalSection
	GlobalSection(ExtensibilityGlobals) = postSolution
		SolutionGuid = {B3D0D293-9F26-4CC7-90F3-9D11A01090C6}
	EndGlobalSection
EndGlobal
